
Microsoft Visual Studio Solution File, Format Version 12.00
# Visual Studio 2012
Project("{2150E333-8FDC-42A3-9474-1A3956D46DE8}") = "Solution Items", "Solution Items", "{0EBCD3DE-CA2C-4958-A692-DC1B90633965}"
	ProjectSection(SolutionItems) = preProject
		GeoTransformer.licenseheader = GeoTransformer.licenseheader
		GeoTransformer.vsmdi = GeoTransformer.vsmdi
		Local.testsettings = Local.testsettings
		TraceAndTestImpact.testsettings = TraceAndTestImpact.testsettings
	EndProjectSection
EndProject
Project("{2150E333-8FDC-42A3-9474-1A3956D46DE8}") = "Extensions", "Extensions", "{04E6A9DD-7E8E-4336-B5F6-23AFDFED5971}"
EndProject
Project("{2150E333-8FDC-42A3-9474-1A3956D46DE8}") = "Private Items", "Private Items", "{B13D5C5D-4077-4552-8081-CBA7912679B1}"
	ProjectSection(SolutionItems) = preProject
		Private Items\Read me.txt = Private Items\Read me.txt
	EndProjectSection
EndProject
Project("{FAE04EC0-301F-11D3-BF4B-00C04F79EFBC}") = "GeoTransformer", "GeoTransformer\GeoTransformer.csproj", "{4CAF2A90-5C35-444D-867D-F8FE2CC324B5}"
EndProject
Project("{FAE04EC0-301F-11D3-BF4B-00C04F79EFBC}") = "GeoTransformer.Extensibility", "GeoTransformer.Extensibility\GeoTransformer.Extensibility.csproj", "{6E59E27D-5635-4F44-B6AA-DDB9EF6CB216}"
EndProject
Project("{FAE04EC0-301F-11D3-BF4B-00C04F79EFBC}") = "GeoTransformer.UnitTests", "GeoTransformer.UnitTests\GeoTransformer.UnitTests.csproj", "{CAA3E5AA-0AF8-453B-841E-4A2FF9121360}"
EndProject
Project("{FAE04EC0-301F-11D3-BF4B-00C04F79EFBC}") = "FetchStatistics", "FetchStatistics\FetchStatistics.csproj", "{CA8A6623-6910-4A28-A6ED-30DBD3866E7D}"
EndProject
Project("{FAE04EC0-301F-11D3-BF4B-00C04F79EFBC}") = "FetchStatistics.Web", "FetchStatistics.Web\FetchStatistics.Web.csproj", "{5E7D8EC2-65E4-4545-BB58-35CC943AE427}"
EndProject
Project("{FAE04EC0-301F-11D3-BF4B-00C04F79EFBC}") = "GeocachingService.OAuth", "GeocachingService.OAuth\GeocachingService.OAuth.csproj", "{699636E9-0B8C-4A70-8A72-EF962B9C9655}"
EndProject
Project("{FAE04EC0-301F-11D3-BF4B-00C04F79EFBC}") = "FieldNoteManager", "FieldNoteManager\FieldNoteManager.csproj", "{88F4736E-FCB7-4AB6-9D5E-77CB46DD0CE9}"
EndProject
Project("{FAE04EC0-301F-11D3-BF4B-00C04F79EFBC}") = "PersonalNoteManager", "PersonalNoteManager\PersonalNoteManager.csproj", "{C8C63FA3-C87A-4C78-A338-1709054117EC}"
EndProject
Global
	GlobalSection(TeamFoundationVersionControl) = preSolution
		SccNumberOfProjects = 9
		SccEnterpriseProvider = {4CA58AB2-18FA-4F8D-95D4-32DDF27D184C}
		SccTeamFoundationServer = https://tfs.codeplex.com/tfs/tfs19
		SccLocalPath0 = .
		SccProjectUniqueName1 = FetchStatistics.Web\\FetchStatistics.Web.csproj
		SccProjectTopLevelParentUniqueName1 = GeoTransformer.sln
		SccProjectName1 = FetchStatistics.Web
		SccLocalPath1 = FetchStatistics.Web
		SccProjectUniqueName2 = FetchStatistics\\FetchStatistics.csproj
		SccProjectTopLevelParentUniqueName2 = GeoTransformer.sln
		SccProjectName2 = FetchStatistics
		SccLocalPath2 = FetchStatistics
		SccProjectUniqueName3 = GeocachingService.OAuth\\GeocachingService.OAuth.csproj
		SccProjectTopLevelParentUniqueName3 = GeoTransformer.sln
		SccProjectName3 = GeocachingService.OAuth
		SccLocalPath3 = GeocachingService.OAuth
		SccProjectUniqueName4 = GeoTransformer.Extensibility\\GeoTransformer.Extensibility.csproj
		SccProjectName4 = GeoTransformer.Extensibility
		SccLocalPath4 = GeoTransformer.Extensibility
		SccProjectUniqueName5 = GeoTransformer.UnitTests\\GeoTransformer.UnitTests.csproj
		SccProjectName5 = GeoTransformer.UnitTests
		SccLocalPath5 = GeoTransformer.UnitTests
		SccProjectUniqueName6 = GeoTransformer\\GeoTransformer.csproj
		SccProjectName6 = GeoTransformer
		SccLocalPath6 = GeoTransformer
		SccProjectUniqueName7 = FieldNoteManager\\FieldNoteManager.csproj
		SccProjectTopLevelParentUniqueName7 = GeoTransformer.sln
		SccProjectName7 = FieldNoteManager
		SccLocalPath7 = FieldNoteManager
		SccProjectUniqueName8 = PersonalNoteManager\\PersonalNoteManager.csproj
		SccProjectTopLevelParentUniqueName8 = GeoTransformer.sln
		SccProjectName8 = PersonalNoteManager
		SccLocalPath8 = PersonalNoteManager
	EndGlobalSection
	GlobalSection(TestCaseManagementSettings) = postSolution
		CategoryFile = GeoTransformer.vsmdi
	EndGlobalSection
	GlobalSection(SolutionConfigurationPlatforms) = preSolution
		Debug|Any CPU = Debug|Any CPU
		Debug|Mixed Platforms = Debug|Mixed Platforms
		Release|Any CPU = Release|Any CPU
		Release|Mixed Platforms = Release|Mixed Platforms
	EndGlobalSection
	GlobalSection(ProjectConfigurationPlatforms) = postSolution
		{4CAF2A90-5C35-444D-867D-F8FE2CC324B5}.Debug|Any CPU.ActiveCfg = Debug|x86
		{4CAF2A90-5C35-444D-867D-F8FE2CC324B5}.Debug|Mixed Platforms.ActiveCfg = Debug|x86
		{4CAF2A90-5C35-444D-867D-F8FE2CC324B5}.Debug|Mixed Platforms.Build.0 = Debug|x86
		{4CAF2A90-5C35-444D-867D-F8FE2CC324B5}.Release|Any CPU.ActiveCfg = Release|x86
		{4CAF2A90-5C35-444D-867D-F8FE2CC324B5}.Release|Mixed Platforms.ActiveCfg = Release|x86
		{4CAF2A90-5C35-444D-867D-F8FE2CC324B5}.Release|Mixed Platforms.Build.0 = Release|x86
		{6E59E27D-5635-4F44-B6AA-DDB9EF6CB216}.Debug|Any CPU.ActiveCfg = Debug|Any CPU
		{6E59E27D-5635-4F44-B6AA-DDB9EF6CB216}.Debug|Any CPU.Build.0 = Debug|Any CPU
		{6E59E27D-5635-4F44-B6AA-DDB9EF6CB216}.Debug|Mixed Platforms.ActiveCfg = Debug|Any CPU
		{6E59E27D-5635-4F44-B6AA-DDB9EF6CB216}.Debug|Mixed Platforms.Build.0 = Debug|Any CPU
		{6E59E27D-5635-4F44-B6AA-DDB9EF6CB216}.Release|Any CPU.ActiveCfg = Release|Any CPU
		{6E59E27D-5635-4F44-B6AA-DDB9EF6CB216}.Release|Any CPU.Build.0 = Release|Any CPU
		{6E59E27D-5635-4F44-B6AA-DDB9EF6CB216}.Release|Mixed Platforms.ActiveCfg = Release|x86
		{6E59E27D-5635-4F44-B6AA-DDB9EF6CB216}.Release|Mixed Platforms.Build.0 = Release|x86
		{CAA3E5AA-0AF8-453B-841E-4A2FF9121360}.Debug|Any CPU.ActiveCfg = Debug|Any CPU
		{CAA3E5AA-0AF8-453B-841E-4A2FF9121360}.Debug|Any CPU.Build.0 = Debug|Any CPU
		{CAA3E5AA-0AF8-453B-841E-4A2FF9121360}.Debug|Mixed Platforms.ActiveCfg = Debug|Any CPU
		{CAA3E5AA-0AF8-453B-841E-4A2FF9121360}.Debug|Mixed Platforms.Build.0 = Debug|Any CPU
		{CAA3E5AA-0AF8-453B-841E-4A2FF9121360}.Release|Any CPU.ActiveCfg = Release|Any CPU
		{CAA3E5AA-0AF8-453B-841E-4A2FF9121360}.Release|Any CPU.Build.0 = Release|Any CPU
		{CAA3E5AA-0AF8-453B-841E-4A2FF9121360}.Release|Mixed Platforms.ActiveCfg = Release|Any CPU
		{CAA3E5AA-0AF8-453B-841E-4A2FF9121360}.Release|Mixed Platforms.Build.0 = Release|Any CPU
		{CA8A6623-6910-4A28-A6ED-30DBD3866E7D}.Debug|Any CPU.ActiveCfg = Debug|Any CPU
		{CA8A6623-6910-4A28-A6ED-30DBD3866E7D}.Debug|Any CPU.Build.0 = Debug|Any CPU
		{CA8A6623-6910-4A28-A6ED-30DBD3866E7D}.Debug|Mixed Platforms.ActiveCfg = Debug|Any CPU
		{CA8A6623-6910-4A28-A6ED-30DBD3866E7D}.Debug|Mixed Platforms.Build.0 = Debug|Any CPU
		{CA8A6623-6910-4A28-A6ED-30DBD3866E7D}.Release|Any CPU.ActiveCfg = Release|Any CPU
		{CA8A6623-6910-4A28-A6ED-30DBD3866E7D}.Release|Any CPU.Build.0 = Release|Any CPU
		{CA8A6623-6910-4A28-A6ED-30DBD3866E7D}.Release|Mixed Platforms.ActiveCfg = Release|Any CPU
		{CA8A6623-6910-4A28-A6ED-30DBD3866E7D}.Release|Mixed Platforms.Build.0 = Release|Any CPU
		{5E7D8EC2-65E4-4545-BB58-35CC943AE427}.Debug|Any CPU.ActiveCfg = Debug|Any CPU
		{5E7D8EC2-65E4-4545-BB58-35CC943AE427}.Debug|Any CPU.Build.0 = Debug|Any CPU
		{5E7D8EC2-65E4-4545-BB58-35CC943AE427}.Debug|Mixed Platforms.ActiveCfg = Debug|Any CPU
		{5E7D8EC2-65E4-4545-BB58-35CC943AE427}.Debug|Mixed Platforms.Build.0 = Debug|Any CPU
		{5E7D8EC2-65E4-4545-BB58-35CC943AE427}.Release|Any CPU.ActiveCfg = Release|Any CPU
		{5E7D8EC2-65E4-4545-BB58-35CC943AE427}.Release|Any CPU.Build.0 = Release|Any CPU
		{5E7D8EC2-65E4-4545-BB58-35CC943AE427}.Release|Mixed Platforms.ActiveCfg = Release|Any CPU
		{5E7D8EC2-65E4-4545-BB58-35CC943AE427}.Release|Mixed Platforms.Build.0 = Release|Any CPU
		{699636E9-0B8C-4A70-8A72-EF962B9C9655}.Debug|Any CPU.ActiveCfg = Debug|Any CPU
		{699636E9-0B8C-4A70-8A72-EF962B9C9655}.Debug|Any CPU.Build.0 = Debug|Any CPU
		{699636E9-0B8C-4A70-8A72-EF962B9C9655}.Debug|Mixed Platforms.ActiveCfg = Debug|Any CPU
		{699636E9-0B8C-4A70-8A72-EF962B9C9655}.Debug|Mixed Platforms.Build.0 = Debug|Any CPU
		{699636E9-0B8C-4A70-8A72-EF962B9C9655}.Release|Any CPU.ActiveCfg = Release|Any CPU
		{699636E9-0B8C-4A70-8A72-EF962B9C9655}.Release|Any CPU.Build.0 = Release|Any CPU
		{699636E9-0B8C-4A70-8A72-EF962B9C9655}.Release|Mixed Platforms.ActiveCfg = Release|Any CPU
		{699636E9-0B8C-4A70-8A72-EF962B9C9655}.Release|Mixed Platforms.Build.0 = Release|Any CPU
		{88F4736E-FCB7-4AB6-9D5E-77CB46DD0CE9}.Debug|Any CPU.ActiveCfg = Debug|Any CPU
		{88F4736E-FCB7-4AB6-9D5E-77CB46DD0CE9}.Debug|Any CPU.Build.0 = Debug|Any CPU
		{88F4736E-FCB7-4AB6-9D5E-77CB46DD0CE9}.Debug|Mixed Platforms.ActiveCfg = Debug|Any CPU
		{88F4736E-FCB7-4AB6-9D5E-77CB46DD0CE9}.Debug|Mixed Platforms.Build.0 = Debug|Any CPU
		{88F4736E-FCB7-4AB6-9D5E-77CB46DD0CE9}.Release|Any CPU.ActiveCfg = Release|Any CPU
		{88F4736E-FCB7-4AB6-9D5E-77CB46DD0CE9}.Release|Any CPU.Build.0 = Release|Any CPU
		{88F4736E-FCB7-4AB6-9D5E-77CB46DD0CE9}.Release|Mixed Platforms.ActiveCfg = Release|Any CPU
		{88F4736E-FCB7-4AB6-9D5E-77CB46DD0CE9}.Release|Mixed Platforms.Build.0 = Release|Any CPU
		{C8C63FA3-C87A-4C78-A338-1709054117EC}.Debug|Any CPU.ActiveCfg = Debug|Any CPU
		{C8C63FA3-C87A-4C78-A338-1709054117EC}.Debug|Any CPU.Build.0 = Debug|Any CPU
		{C8C63FA3-C87A-4C78-A338-1709054117EC}.Debug|Mixed Platforms.ActiveCfg = Debug|Any CPU
		{C8C63FA3-C87A-4C78-A338-1709054117EC}.Debug|Mixed Platforms.Build.0 = Debug|Any CPU
		{C8C63FA3-C87A-4C78-A338-1709054117EC}.Release|Any CPU.ActiveCfg = Release|Any CPU
		{C8C63FA3-C87A-4C78-A338-1709054117EC}.Release|Any CPU.Build.0 = Release|Any CPU
		{C8C63FA3-C87A-4C78-A338-1709054117EC}.Release|Mixed Platforms.ActiveCfg = Release|Any CPU
		{C8C63FA3-C87A-4C78-A338-1709054117EC}.Release|Mixed Platforms.Build.0 = Release|Any CPU
	EndGlobalSection
	GlobalSection(SolutionProperties) = preSolution
		HideSolutionNode = FALSE
	EndGlobalSection
	GlobalSection(NestedProjects) = preSolution
		{CA8A6623-6910-4A28-A6ED-30DBD3866E7D} = {04E6A9DD-7E8E-4336-B5F6-23AFDFED5971}
		{5E7D8EC2-65E4-4545-BB58-35CC943AE427} = {04E6A9DD-7E8E-4336-B5F6-23AFDFED5971}
		{699636E9-0B8C-4A70-8A72-EF962B9C9655} = {04E6A9DD-7E8E-4336-B5F6-23AFDFED5971}
		{88F4736E-FCB7-4AB6-9D5E-77CB46DD0CE9} = {04E6A9DD-7E8E-4336-B5F6-23AFDFED5971}
		{C8C63FA3-C87A-4C78-A338-1709054117EC} = {04E6A9DD-7E8E-4336-B5F6-23AFDFED5971}
	EndGlobalSection
EndGlobal
